lockfileVersion: '6.0'

dependencies:
  '@effect/data':
    specifier: ^0.12.2
    version: 0.12.2
  '@effect/io':
    specifier: ^0.25.7
    version: 0.25.7

packages:

  /@effect/data@0.12.2:
    resolution: {integrity: sha512-bmWRTcsSRG1FlBswT+D8SxW6r3c4B3pKJrjYfitCD03tXHnup5gLHaWqbFgIjiyYITS+UsJRRjVrNxvyGG4ZNQ==}
    dev: false

  /@effect/io@0.25.7:
    resolution: {integrity: sha512-+aVOwsyBfFyDvHik8qEUyQY2AeOTG+GAZQmInwkFQvcWx4CokLqn6ysZD2rF9KlDUSYGEeYLtZPC7uQuq9F9Nw==}
    dependencies:
      '@effect/data': 0.12.2
    dev: false
